{
  "name": "ethara-inventory",
  "lockfileVersion": 3,
  "requires": true,
  "packages": {
    "": {
      "dependencies": {
        "react-confirm-alert": "^3.0.6"
      }
    },
    "node_modules/react": {
      "version": "19.2.7",
      "resolved": "https://registry.npmjs.org/react/-/react-19.2.7.tgz",
      "integrity": "sha512-HNe9WslTbXmFK8o8cmwgAeJFSBvt1bPdHCVKtaaV+WlAN36mpT4hcRpwbf3fY56ar2oIXzsBpOAiIRHAdY0OlQ==",
      "license": "MIT",
      "peer": true,
      "engines": {
        "node": ">=0.10.0"
      }
    },
    "node_modules/react-confirm-alert": {
      "version": "3.0.6",
      "resolved": "https://registry.npmjs.org/react-confirm-alert/-/react-confirm-alert-3.0.6.tgz",
      "integrity": "sha512-rplP6Ed9ZSNd0KFV5BUzk4EPQ77BxsrayllBXGFuA8xPXc7sbBjgU5KUrNpl7aWFmP7mXRlVXfuy1IT5DbffYw==",
      "license": "MIT",
      "peerDependencies": {
        "react": ">=18.0.0",
        "react-dom": ">=10.0.0"
      }
    },
    "node_modules/react-dom": {
      "version": "19.2.7",
      "resolved": "https://registry.npmjs.org/react-dom/-/react-dom-19.2.7.tgz",
      "integrity": "sha512-t0BRVXvbiE/o20Hfw669rLbMCDWtYZLvmJigy2f0MxsXF+71pxhR3xOkspmsO8h3ZlNzyibAmtCa3l4lYKk6gQ==",
      "license": "MIT",
      "peer": true,
      "dependencies": {
        "scheduler": "^0.27.0"
      },
      "peerDependencies": {
        "react": "^19.2.7"
      }
    },
    "node_modules/scheduler": {
      "version": "0.27.0",
      "resolved": "https://registry.npmjs.org/scheduler/-/scheduler-0.27.0.tgz",
      "integrity": "sha512-eNv+WrVbKu1f3vbYJT/xtiF5syA5HPIMtf9IgY/nKg0sWqzAUEvqY/xm7OcZc/qafLx/iO9FgOmeSAp4v5ti/Q==",
      "license": "MIT",
      "peer": true
    }
  }
}
